dependencies:
- name: kafka
  repository: https://charts.bitnami.com/bitnami
  version: 19.0.2
- name: console
  repository: https://charts.redpanda.com
  version: 0.6.6
- name: mongodb
  repository: https://charts.bitnami.com/bitnami
  version: 13.18.5
- name: mongo-express
  repository: https://cowboysysop.github.io/charts/
  version: 3.1.1
- name: redis
  repository: https://charts.bitnami.com/bitnami
  version: 17.11.6
- name: elasticsearch
  repository: https://charts.bitnami.com/bitnami
  version: 19.9.2
- name: mysql
  repository: https://charts.bitnami.com/bitnami
  version: 9.4.5
digest: sha256:70f2bd59f4df5a4cf708c4174376f0b7d8427319922a017eae930f8b63a40f4d
generated: "2024-03-08T05:28:02.767414061Z"
