dependencies:
- name: kafka
  repository: https://charts.bitnami.com/bitnami
  version: 19.0.2
- name: console
  repository: https://charts.redpanda.com
  version: 0.6.6
- name: mongodb
  repository: https://charts.bitnami.com/bitnami
  version: 16.4.0
- name: mongo-express
  repository: https://cowboysysop.github.io/charts/
  version: 3.1.1
- name: redis
  repository: https://charts.bitnami.com/bitnami
  version: 17.11.6
- name: elasticsearch
  repository: https://charts.bitnami.com/bitnami
  version: 19.9.2
- name: mysql
  repository: https://charts.bitnami.com/bitnami
  version: 9.4.5
digest: sha256:b44731af85d40ec8545fc6875f770ddaf9e35c124363a8c03cc00d8d8dc4ec35
generated: "2024-12-11T06:03:06.318350875Z"
