dependencies:
- name: kafka
  repository: https://charts.bitnami.com/bitnami
  version: 28.0.0
- name: console
  repository: https://charts.redpanda.com
  version: 0.6.6
- name: mongodb
  repository: https://charts.bitnami.com/bitnami
  version: 13.3.1
- name: mongo-express
  repository: https://cowboysysop.github.io/charts/
  version: 3.1.1
- name: redis
  repository: https://charts.bitnami.com/bitnami
  version: 17.11.6
- name: elasticsearch
  repository: https://charts.bitnami.com/bitnami
  version: 19.9.2
- name: mysql
  repository: https://charts.bitnami.com/bitnami
  version: 9.4.5
digest: sha256:a4511fa64971c40bda9b2ad6039aca9bb82ecba6c59a56560a2e81d5ff1c5447
generated: "2024-03-28T06:02:35.498775927Z"
